
Microsoft Visual Studio Solution File, Format Version 12.00
# Visual Studio Version 17
VisualStudioVersion = 17.1.32210.238
MinimumVisualStudioVersion = 10.0.40219.1
Project("{FAE04EC0-301F-11D3-BF4B-00C04F79EFBC}") = "DataGeneratorWPF", "DataGeneratorWPF.csproj", "{FAFFBA52-29EA-46D2-91A3-2F35F9093E53}"
EndProject
Global
	GlobalSection(SolutionConfigurationPlatforms) = preSolution
		Debug|Any CPU = Debug|Any CPU
		Release|Any CPU = Release|Any CPU
	EndGlobalSection
	GlobalSection(ProjectConfigurationPlatforms) = postSolution
		{FAFFBA52-29EA-46D2-91A3-2F35F9093E53}.Debug|Any CPU.ActiveCfg = Debug|Any CPU
		{FAFFBA52-29EA-46D2-91A3-2F35F9093E53}.Debug|Any CPU.Build.0 = Debug|Any CPU
		{FAFFBA52-29EA-46D2-91A3-2F35F9093E53}.Release|Any CPU.ActiveCfg = Release|Any CPU
		{FAFFBA52-29EA-46D2-91A3-2F35F9093E53}.Release|Any CPU.Build.0 = Release|Any CPU
	EndGlobalSection
	GlobalSection(SolutionProperties) = preSolution
		HideSolutionNode = FALSE
	EndGlobalSection
	GlobalSection(ExtensibilityGlobals) = postSolution
		SolutionGuid = {1761AD05-7928-4F24-962C-98DB8F44B619}
	EndGlobalSection
EndGlobal
